
Microsoft Visual Studio Solution File, Format Version 12.00
# Visual Studio Version 17
VisualStudioVersion = 17.4.33103.184
MinimumVisualStudioVersion = 10.0.40219.1
Project("{2150E333-8FDC-42A3-9474-1A3956D46DE8}") = "Years", "Years", "{8C79E6E1-BE89-4FA0-AE19-906A5421711C}"
EndProject
Project("{2150E333-8FDC-42A3-9474-1A3956D46DE8}") = "2022", "2022", "{8A839810-9F95-48F1-ACB0-34DA516F4AC4}"
EndProject
Project("{2150E333-8FDC-42A3-9474-1A3956D46DE8}") = "2021", "2021", "{6B08CE89-DAE4-42D4-94BE-7A113EED2B2E}"
EndProject
Project("{9A19103F-16F7-4668-BE54-9A1E7A4F7556}") = "21 - Day 01", "Years\2021\Day01\21 - Day 01.csproj", "{C8C1538D-D097-4774-BBF7-1A865A46C4D7}"
EndProject
Project("{9A19103F-16F7-4668-BE54-9A1E7A4F7556}") = "21 - Day 02", "Years\2021\Day02\21 - Day 02.csproj", "{36D90072-6C67-4BC3-9A95-932CCE47AF4D}"
EndProject
Project("{9A19103F-16F7-4668-BE54-9A1E7A4F7556}") = "21 - Day 03", "Years\2021\Day03\21 - Day 03.csproj", "{4283838A-9A10-49CE-8823-82D17FD624C5}"
EndProject
Project("{9A19103F-16F7-4668-BE54-9A1E7A4F7556}") = "21 - Day 04", "Years\2021\Day04\21 - Day 04.csproj", "{CA5BF676-FCB8-453A-AE1B-D44649B52416}"
EndProject
Project("{9A19103F-16F7-4668-BE54-9A1E7A4F7556}") = "21 - Day 05", "Years\2021\Day05\21 - Day 05.csproj", "{AB1E1249-0C2C-4823-A01B-BDEB5E17697C}"
EndProject
Project("{9A19103F-16F7-4668-BE54-9A1E7A4F7556}") = "21 - Day 06", "Years\2021\Day06\21 - Day 06.csproj", "{6CF63B68-CA81-408D-87A0-1652FB4DB55A}"
EndProject
Project("{9A19103F-16F7-4668-BE54-9A1E7A4F7556}") = "21 - Day 07", "Years\2021\Day07\21 - Day 07.csproj", "{584F4F97-2290-4BEF-BDBE-0BDABFD691C6}"
EndProject
Project("{9A19103F-16F7-4668-BE54-9A1E7A4F7556}") = "21 - Day 08", "Years\2021\Day08\21 - Day 08.csproj", "{687C6311-A973-4619-9891-F7B761E82F25}"
EndProject
Project("{9A19103F-16F7-4668-BE54-9A1E7A4F7556}") = "21 - Day 09", "Years\2021\Day09\21 - Day 09.csproj", "{7A442AB6-39D0-4E11-B388-ABCCE86A12C6}"
EndProject
Project("{9A19103F-16F7-4668-BE54-9A1E7A4F7556}") = "21 - Day 10", "Years\2021\Day10\21 - Day 10.csproj", "{DB9DBA9D-3703-4577-9F2D-E1BFB1AA7DD7}"
EndProject
Project("{9A19103F-16F7-4668-BE54-9A1E7A4F7556}") = "21 - Day 11", "Years\2021\Day11\21 - Day 11.csproj", "{3E60B572-15FB-4A89-9E75-419860DB60D7}"
EndProject
Project("{9A19103F-16F7-4668-BE54-9A1E7A4F7556}") = "21 - Day 12", "Years\2021\Day12\21 - Day 12.csproj", "{432E6FF1-2DE9-45D9-ADD6-2E7532F8F6BD}"
EndProject
Project("{9A19103F-16F7-4668-BE54-9A1E7A4F7556}") = "21 - Day 13", "Years\2021\Day13\21 - Day 13.csproj", "{B9A1E6D5-E955-4048-817F-BAE2FA3033BD}"
EndProject
Project("{9A19103F-16F7-4668-BE54-9A1E7A4F7556}") = "21 - Day 14", "Years\2021\Day14\21 - Day 14.csproj", "{0F88B4BB-56FC-48AF-BE1F-82467ED92928}"
EndProject
Project("{9A19103F-16F7-4668-BE54-9A1E7A4F7556}") = "21 - Day 15", "Years\2021\Day15\21 - Day 15.csproj", "{78A1B652-A100-42CC-8531-C45129ECF475}"
EndProject
Project("{9A19103F-16F7-4668-BE54-9A1E7A4F7556}") = "21 - Day 16", "Years\2021\Day16\21 - Day 16.csproj", "{74905700-EC39-4266-85A1-81B811AC89C9}"
EndProject
Project("{9A19103F-16F7-4668-BE54-9A1E7A4F7556}") = "21 - Day 17", "Years\2021\Day17\21 - Day 17.csproj", "{0B9D83DF-5D68-4AD6-AAED-1F5BE89392AD}"
EndProject
Project("{9A19103F-16F7-4668-BE54-9A1E7A4F7556}") = "21 - Day 18", "Years\2021\Day18\21 - Day 18.csproj", "{11766CA7-FD85-4065-B854-60EA09BCD6EC}"
EndProject
Project("{9A19103F-16F7-4668-BE54-9A1E7A4F7556}") = "21 - Day 19", "Years\2021\Day19\21 - Day 19.csproj", "{E4AA8F0E-256C-451B-BC52-8A934CB6071D}"
EndProject
Project("{9A19103F-16F7-4668-BE54-9A1E7A4F7556}") = "21 - Day 20", "Years\2021\Day20\21 - Day 20.csproj", "{ECBFEDC9-567C-4EFF-8372-DC5956273BE3}"
EndProject
Project("{9A19103F-16F7-4668-BE54-9A1E7A4F7556}") = "21 - Day 21", "Years\2021\Day21\21 - Day 21.csproj", "{5486B62D-180A-4754-AD98-3049AACFEC24}"
EndProject
Project("{9A19103F-16F7-4668-BE54-9A1E7A4F7556}") = "21 - Day 22", "Years\2021\Day22\21 - Day 22.csproj", "{F3F270D4-EA3E-4251-AA81-289130CCE22A}"
EndProject
Global
	GlobalSection(SolutionConfigurationPlatforms) = preSolution
		Debug|Any CPU = Debug|Any CPU
		Release|Any CPU = Release|Any CPU
	EndGlobalSection
	GlobalSection(ProjectConfigurationPlatforms) = postSolution
		{C8C1538D-D097-4774-BBF7-1A865A46C4D7}.Debug|Any CPU.ActiveCfg = Debug|Any CPU
		{C8C1538D-D097-4774-BBF7-1A865A46C4D7}.Debug|Any CPU.Build.0 = Debug|Any CPU
		{C8C1538D-D097-4774-BBF7-1A865A46C4D7}.Release|Any CPU.ActiveCfg = Release|Any CPU
		{C8C1538D-D097-4774-BBF7-1A865A46C4D7}.Release|Any CPU.Build.0 = Release|Any CPU
		{36D90072-6C67-4BC3-9A95-932CCE47AF4D}.Debug|Any CPU.ActiveCfg = Debug|Any CPU
		{36D90072-6C67-4BC3-9A95-932CCE47AF4D}.Debug|Any CPU.Build.0 = Debug|Any CPU
		{36D90072-6C67-4BC3-9A95-932CCE47AF4D}.Release|Any CPU.ActiveCfg = Release|Any CPU
		{36D90072-6C67-4BC3-9A95-932CCE47AF4D}.Release|Any CPU.Build.0 = Release|Any CPU
		{4283838A-9A10-49CE-8823-82D17FD624C5}.Debug|Any CPU.ActiveCfg = Debug|Any CPU
		{4283838A-9A10-49CE-8823-82D17FD624C5}.Debug|Any CPU.Build.0 = Debug|Any CPU
		{4283838A-9A10-49CE-8823-82D17FD624C5}.Release|Any CPU.ActiveCfg = Release|Any CPU
		{4283838A-9A10-49CE-8823-82D17FD624C5}.Release|Any CPU.Build.0 = Release|Any CPU
		{CA5BF676-FCB8-453A-AE1B-D44649B52416}.Debug|Any CPU.ActiveCfg = Debug|Any CPU
		{CA5BF676-FCB8-453A-AE1B-D44649B52416}.Debug|Any CPU.Build.0 = Debug|Any CPU
		{CA5BF676-FCB8-453A-AE1B-D44649B52416}.Release|Any CPU.ActiveCfg = Release|Any CPU
		{CA5BF676-FCB8-453A-AE1B-D44649B52416}.Release|Any CPU.Build.0 = Release|Any CPU
		{AB1E1249-0C2C-4823-A01B-BDEB5E17697C}.Debug|Any CPU.ActiveCfg = Debug|Any CPU
		{AB1E1249-0C2C-4823-A01B-BDEB5E17697C}.Debug|Any CPU.Build.0 = Debug|Any CPU
		{AB1E1249-0C2C-4823-A01B-BDEB5E17697C}.Release|Any CPU.ActiveCfg = Release|Any CPU
		{AB1E1249-0C2C-4823-A01B-BDEB5E17697C}.Release|Any CPU.Build.0 = Release|Any CPU
		{6CF63B68-CA81-408D-87A0-1652FB4DB55A}.Debug|Any CPU.ActiveCfg = Debug|Any CPU
		{6CF63B68-CA81-408D-87A0-1652FB4DB55A}.Debug|Any CPU.Build.0 = Debug|Any CPU
		{6CF63B68-CA81-408D-87A0-1652FB4DB55A}.Release|Any CPU.ActiveCfg = Release|Any CPU
		{6CF63B68-CA81-408D-87A0-1652FB4DB55A}.Release|Any CPU.Build.0 = Release|Any CPU
		{584F4F97-2290-4BEF-BDBE-0BDABFD691C6}.Debug|Any CPU.ActiveCfg = Debug|Any CPU
		{584F4F97-2290-4BEF-BDBE-0BDABFD691C6}.Debug|Any CPU.Build.0 = Debug|Any CPU
		{584F4F97-2290-4BEF-BDBE-0BDABFD691C6}.Release|Any CPU.ActiveCfg = Release|Any CPU
		{584F4F97-2290-4BEF-BDBE-0BDABFD691C6}.Release|Any CPU.Build.0 = Release|Any CPU
		{687C6311-A973-4619-9891-F7B761E82F25}.Debug|Any CPU.ActiveCfg = Debug|Any CPU
		{687C6311-A973-4619-9891-F7B761E82F25}.Debug|Any CPU.Build.0 = Debug|Any CPU
		{687C6311-A973-4619-9891-F7B761E82F25}.Release|Any CPU.ActiveCfg = Release|Any CPU
		{687C6311-A973-4619-9891-F7B761E82F25}.Release|Any CPU.Build.0 = Release|Any CPU
		{7A442AB6-39D0-4E11-B388-ABCCE86A12C6}.Debug|Any CPU.ActiveCfg = Debug|Any CPU
		{7A442AB6-39D0-4E11-B388-ABCCE86A12C6}.Debug|Any CPU.Build.0 = Debug|Any CPU
		{7A442AB6-39D0-4E11-B388-ABCCE86A12C6}.Release|Any CPU.ActiveCfg = Release|Any CPU
		{7A442AB6-39D0-4E11-B388-ABCCE86A12C6}.Release|Any CPU.Build.0 = Release|Any CPU
		{DB9DBA9D-3703-4577-9F2D-E1BFB1AA7DD7}.Debug|Any CPU.ActiveCfg = Debug|Any CPU
		{DB9DBA9D-3703-4577-9F2D-E1BFB1AA7DD7}.Debug|Any CPU.Build.0 = Debug|Any CPU
		{DB9DBA9D-3703-4577-9F2D-E1BFB1AA7DD7}.Release|Any CPU.ActiveCfg = Release|Any CPU
		{DB9DBA9D-3703-4577-9F2D-E1BFB1AA7DD7}.Release|Any CPU.Build.0 = Release|Any CPU
		{3E60B572-15FB-4A89-9E75-419860DB60D7}.Debug|Any CPU.ActiveCfg = Debug|Any CPU
		{3E60B572-15FB-4A89-9E75-419860DB60D7}.Debug|Any CPU.Build.0 = Debug|Any CPU
		{3E60B572-15FB-4A89-9E75-419860DB60D7}.Release|Any CPU.ActiveCfg = Release|Any CPU
		{3E60B572-15FB-4A89-9E75-419860DB60D7}.Release|Any CPU.Build.0 = Release|Any CPU
		{432E6FF1-2DE9-45D9-ADD6-2E7532F8F6BD}.Debug|Any CPU.ActiveCfg = Debug|Any CPU
		{432E6FF1-2DE9-45D9-ADD6-2E7532F8F6BD}.Debug|Any CPU.Build.0 = Debug|Any CPU
		{432E6FF1-2DE9-45D9-ADD6-2E7532F8F6BD}.Release|Any CPU.ActiveCfg = Release|Any CPU
		{432E6FF1-2DE9-45D9-ADD6-2E7532F8F6BD}.Release|Any CPU.Build.0 = Release|Any CPU
		{B9A1E6D5-E955-4048-817F-BAE2FA3033BD}.Debug|Any CPU.ActiveCfg = Debug|Any CPU
		{B9A1E6D5-E955-4048-817F-BAE2FA3033BD}.Debug|Any CPU.Build.0 = Debug|Any CPU
		{B9A1E6D5-E955-4048-817F-BAE2FA3033BD}.Release|Any CPU.ActiveCfg = Release|Any CPU
		{B9A1E6D5-E955-4048-817F-BAE2FA3033BD}.Release|Any CPU.Build.0 = Release|Any CPU
		{0F88B4BB-56FC-48AF-BE1F-82467ED92928}.Debug|Any CPU.ActiveCfg = Debug|Any CPU
		{0F88B4BB-56FC-48AF-BE1F-82467ED92928}.Debug|Any CPU.Build.0 = Debug|Any CPU
		{0F88B4BB-56FC-48AF-BE1F-82467ED92928}.Release|Any CPU.ActiveCfg = Release|Any CPU
		{0F88B4BB-56FC-48AF-BE1F-82467ED92928}.Release|Any CPU.Build.0 = Release|Any CPU
		{78A1B652-A100-42CC-8531-C45129ECF475}.Debug|Any CPU.ActiveCfg = Debug|Any CPU
		{78A1B652-A100-42CC-8531-C45129ECF475}.Debug|Any CPU.Build.0 = Debug|Any CPU
		{78A1B652-A100-42CC-8531-C45129ECF475}.Release|Any CPU.ActiveCfg = Release|Any CPU
		{78A1B652-A100-42CC-8531-C45129ECF475}.Release|Any CPU.Build.0 = Release|Any CPU
		{74905700-EC39-4266-85A1-81B811AC89C9}.Debug|Any CPU.ActiveCfg = Debug|Any CPU
		{74905700-EC39-4266-85A1-81B811AC89C9}.Debug|Any CPU.Build.0 = Debug|Any CPU
		{74905700-EC39-4266-85A1-81B811AC89C9}.Release|Any CPU.ActiveCfg = Release|Any CPU
		{74905700-EC39-4266-85A1-81B811AC89C9}.Release|Any CPU.Build.0 = Release|Any CPU
		{0B9D83DF-5D68-4AD6-AAED-1F5BE89392AD}.Debug|Any CPU.ActiveCfg = Debug|Any CPU
		{0B9D83DF-5D68-4AD6-AAED-1F5BE89392AD}.Debug|Any CPU.Build.0 = Debug|Any CPU
		{0B9D83DF-5D68-4AD6-AAED-1F5BE89392AD}.Release|Any CPU.ActiveCfg = Release|Any CPU
		{0B9D83DF-5D68-4AD6-AAED-1F5BE89392AD}.Release|Any CPU.Build.0 = Release|Any CPU
		{11766CA7-FD85-4065-B854-60EA09BCD6EC}.Debug|Any CPU.ActiveCfg = Debug|Any CPU
		{11766CA7-FD85-4065-B854-60EA09BCD6EC}.Debug|Any CPU.Build.0 = Debug|Any CPU
		{11766CA7-FD85-4065-B854-60EA09BCD6EC}.Release|Any CPU.ActiveCfg = Release|Any CPU
		{11766CA7-FD85-4065-B854-60EA09BCD6EC}.Release|Any CPU.Build.0 = Release|Any CPU
		{E4AA8F0E-256C-451B-BC52-8A934CB6071D}.Debug|Any CPU.ActiveCfg = Debug|Any CPU
		{E4AA8F0E-256C-451B-BC52-8A934CB6071D}.Debug|Any CPU.Build.0 = Debug|Any CPU
		{E4AA8F0E-256C-451B-BC52-8A934CB6071D}.Release|Any CPU.ActiveCfg = Release|Any CPU
		{E4AA8F0E-256C-451B-BC52-8A934CB6071D}.Release|Any CPU.Build.0 = Release|Any CPU
		{ECBFEDC9-567C-4EFF-8372-DC5956273BE3}.Debug|Any CPU.ActiveCfg = Debug|Any CPU
		{ECBFEDC9-567C-4EFF-8372-DC5956273BE3}.Debug|Any CPU.Build.0 = Debug|Any CPU
		{ECBFEDC9-567C-4EFF-8372-DC5956273BE3}.Release|Any CPU.ActiveCfg = Release|Any CPU
		{ECBFEDC9-567C-4EFF-8372-DC5956273BE3}.Release|Any CPU.Build.0 = Release|Any CPU
		{5486B62D-180A-4754-AD98-3049AACFEC24}.Debug|Any CPU.ActiveCfg = Debug|Any CPU
		{5486B62D-180A-4754-AD98-3049AACFEC24}.Debug|Any CPU.Build.0 = Debug|Any CPU
		{5486B62D-180A-4754-AD98-3049AACFEC24}.Release|Any CPU.ActiveCfg = Release|Any CPU
		{5486B62D-180A-4754-AD98-3049AACFEC24}.Release|Any CPU.Build.0 = Release|Any CPU
		{F3F270D4-EA3E-4251-AA81-289130CCE22A}.Debug|Any CPU.ActiveCfg = Debug|Any CPU
		{F3F270D4-EA3E-4251-AA81-289130CCE22A}.Debug|Any CPU.Build.0 = Debug|Any CPU
		{F3F270D4-EA3E-4251-AA81-289130CCE22A}.Release|Any CPU.ActiveCfg = Release|Any CPU
		{F3F270D4-EA3E-4251-AA81-289130CCE22A}.Release|Any CPU.Build.0 = Release|Any CPU
	EndGlobalSection
	GlobalSection(SolutionProperties) = preSolution
		HideSolutionNode = FALSE
	EndGlobalSection
	GlobalSection(NestedProjects) = preSolution
		{8A839810-9F95-48F1-ACB0-34DA516F4AC4} = {8C79E6E1-BE89-4FA0-AE19-906A5421711C}
		{6B08CE89-DAE4-42D4-94BE-7A113EED2B2E} = {8C79E6E1-BE89-4FA0-AE19-906A5421711C}
		{C8C1538D-D097-4774-BBF7-1A865A46C4D7} = {6B08CE89-DAE4-42D4-94BE-7A113EED2B2E}
		{36D90072-6C67-4BC3-9A95-932CCE47AF4D} = {6B08CE89-DAE4-42D4-94BE-7A113EED2B2E}
		{4283838A-9A10-49CE-8823-82D17FD624C5} = {6B08CE89-DAE4-42D4-94BE-7A113EED2B2E}
		{CA5BF676-FCB8-453A-AE1B-D44649B52416} = {6B08CE89-DAE4-42D4-94BE-7A113EED2B2E}
		{AB1E1249-0C2C-4823-A01B-BDEB5E17697C} = {6B08CE89-DAE4-42D4-94BE-7A113EED2B2E}
		{6CF63B68-CA81-408D-87A0-1652FB4DB55A} = {6B08CE89-DAE4-42D4-94BE-7A113EED2B2E}
		{584F4F97-2290-4BEF-BDBE-0BDABFD691C6} = {6B08CE89-DAE4-42D4-94BE-7A113EED2B2E}
		{687C6311-A973-4619-9891-F7B761E82F25} = {6B08CE89-DAE4-42D4-94BE-7A113EED2B2E}
		{7A442AB6-39D0-4E11-B388-ABCCE86A12C6} = {6B08CE89-DAE4-42D4-94BE-7A113EED2B2E}
		{DB9DBA9D-3703-4577-9F2D-E1BFB1AA7DD7} = {6B08CE89-DAE4-42D4-94BE-7A113EED2B2E}
		{3E60B572-15FB-4A89-9E75-419860DB60D7} = {6B08CE89-DAE4-42D4-94BE-7A113EED2B2E}
		{432E6FF1-2DE9-45D9-ADD6-2E7532F8F6BD} = {6B08CE89-DAE4-42D4-94BE-7A113EED2B2E}
		{B9A1E6D5-E955-4048-817F-BAE2FA3033BD} = {6B08CE89-DAE4-42D4-94BE-7A113EED2B2E}
		{0F88B4BB-56FC-48AF-BE1F-82467ED92928} = {6B08CE89-DAE4-42D4-94BE-7A113EED2B2E}
		{78A1B652-A100-42CC-8531-C45129ECF475} = {6B08CE89-DAE4-42D4-94BE-7A113EED2B2E}
		{74905700-EC39-4266-85A1-81B811AC89C9} = {6B08CE89-DAE4-42D4-94BE-7A113EED2B2E}
		{0B9D83DF-5D68-4AD6-AAED-1F5BE89392AD} = {6B08CE89-DAE4-42D4-94BE-7A113EED2B2E}
		{11766CA7-FD85-4065-B854-60EA09BCD6EC} = {6B08CE89-DAE4-42D4-94BE-7A113EED2B2E}
		{E4AA8F0E-256C-451B-BC52-8A934CB6071D} = {6B08CE89-DAE4-42D4-94BE-7A113EED2B2E}
		{ECBFEDC9-567C-4EFF-8372-DC5956273BE3} = {6B08CE89-DAE4-42D4-94BE-7A113EED2B2E}
		{5486B62D-180A-4754-AD98-3049AACFEC24} = {6B08CE89-DAE4-42D4-94BE-7A113EED2B2E}
		{F3F270D4-EA3E-4251-AA81-289130CCE22A} = {6B08CE89-DAE4-42D4-94BE-7A113EED2B2E}
	EndGlobalSection
	GlobalSection(ExtensibilityGlobals) = postSolution
		SolutionGuid = {623BF957-D3C4-42FC-842A-351E646179DA}
	EndGlobalSection
EndGlobal
