
Microsoft Visual Studio Solution File, Format Version 12.00
# Visual Studio Version 16
VisualStudioVersion = 16.0.31729.503
MinimumVisualStudioVersion = 10.0.40219.1
Project("{FAE04EC0-301F-11D3-BF4B-00C04F79EFBC}") = "Day1", "Day1\Day1.csproj", "{E726DE8C-938F-4CB2-9CCF-7F7BB75D29E6}"
EndProject
Global
	GlobalSection(SolutionConfigurationPlatforms) = preSolution
		Debug|Any CPU = Debug|Any CPU
		Release|Any CPU = Release|Any CPU
	EndGlobalSection
	GlobalSection(ProjectConfigurationPlatforms) = postSolution
		{E726DE8C-938F-4CB2-9CCF-7F7BB75D29E6}.Debug|Any CPU.ActiveCfg = Debug|Any CPU
		{E726DE8C-938F-4CB2-9CCF-7F7BB75D29E6}.Debug|Any CPU.Build.0 = Debug|Any CPU
		{E726DE8C-938F-4CB2-9CCF-7F7BB75D29E6}.Release|Any CPU.ActiveCfg = Release|Any CPU
		{E726DE8C-938F-4CB2-9CCF-7F7BB75D29E6}.Release|Any CPU.Build.0 = Release|Any CPU
	EndGlobalSection
	GlobalSection(SolutionProperties) = preSolution
		HideSolutionNode = FALSE
	EndGlobalSection
	GlobalSection(ExtensibilityGlobals) = postSolution
		SolutionGuid = {7317B9EE-2D35-468F-8966-265789478921}
	EndGlobalSection
EndGlobal
